
Microsoft Visual Studio Solution File, Format Version 12.00
# Visual Studio 15
VisualStudioVersion = 15.0.28010.2046
MinimumVisualStudioVersion = 10.0.40219.1
Project("{FAE04EC0-301F-11D3-BF4B-00C04F79EFBC}") = "Workshop", "Workshop\Workshop.csproj", "{15C91B78-1AE3-4131-999A-D0A885F699FF}"
EndProject
Global
	GlobalSection(SolutionConfigurationPlatforms) = preSolution
		Debug|Any CPU = Debug|Any CPU
		Release|Any CPU = Release|Any CPU
	EndGlobalSection
	GlobalSection(ProjectConfigurationPlatforms) = postSolution
		{15C91B78-1AE3-4131-999A-D0A885F699FF}.Debug|Any CPU.ActiveCfg = Debug|Any CPU
		{15C91B78-1AE3-4131-999A-D0A885F699FF}.Debug|Any CPU.Build.0 = Debug|Any CPU
		{15C91B78-1AE3-4131-999A-D0A885F699FF}.Release|Any CPU.ActiveCfg = Release|Any CPU
		{15C91B78-1AE3-4131-999A-D0A885F699FF}.Release|Any CPU.Build.0 = Release|Any CPU
	EndGlobalSection
	GlobalSection(SolutionProperties) = preSolution
		HideSolutionNode = FALSE
	EndGlobalSection
	GlobalSection(ExtensibilityGlobals) = postSolution
		SolutionGuid = {DD2B332F-69A4-4EC5-9E37-1FC5FB8AD60A}
	EndGlobalSection
EndGlobal
